
Microsoft Visual Studio Solution File, Format Version 12.00
# Visual Studio Version 17
VisualStudioVersion = 17.12.35527.113
MinimumVisualStudioVersion = 10.0.40219.1
Project("{FAE04EC0-301F-11D3-BF4B-00C04F79EFBC}") = "TaskManagement", "TaskManagement\TaskManagement.csproj", "{11E4068B-9307-4AA8-BCE4-D7599B76FF8B}"
EndProject
Project("{FAE04EC0-301F-11D3-BF4B-00C04F79EFBC}") = "TaskManagementFunctions", "TaskManagementFunctions\TaskManagementFunctions.csproj", "{18E3F225-1B7B-4CBD-B954-F30BE9A4192A}"
EndProject
Project("{FAE04EC0-301F-11D3-BF4B-00C04F79EFBC}") = "TaskManagementEntraApi", "TaskManagementEntraApi\TaskManagementEntraApi.csproj", "{9E51F824-AD01-42C6-BE0F-043E4076CE3F}"
EndProject
Global
	GlobalSection(SolutionConfigurationPlatforms) = preSolution
		Debug|Any CPU = Debug|Any CPU
		Release|Any CPU = Release|Any CPU
	EndGlobalSection
	GlobalSection(ProjectConfigurationPlatforms) = postSolution
		{11E4068B-9307-4AA8-BCE4-D7599B76FF8B}.Debug|Any CPU.ActiveCfg = Debug|Any CPU
		{11E4068B-9307-4AA8-BCE4-D7599B76FF8B}.Debug|Any CPU.Build.0 = Debug|Any CPU
		{11E4068B-9307-4AA8-BCE4-D7599B76FF8B}.Release|Any CPU.ActiveCfg = Release|Any CPU
		{11E4068B-9307-4AA8-BCE4-D7599B76FF8B}.Release|Any CPU.Build.0 = Release|Any CPU
		{18E3F225-1B7B-4CBD-B954-F30BE9A4192A}.Debug|Any CPU.ActiveCfg = Debug|Any CPU
		{18E3F225-1B7B-4CBD-B954-F30BE9A4192A}.Debug|Any CPU.Build.0 = Debug|Any CPU
		{18E3F225-1B7B-4CBD-B954-F30BE9A4192A}.Release|Any CPU.ActiveCfg = Release|Any CPU
		{18E3F225-1B7B-4CBD-B954-F30BE9A4192A}.Release|Any CPU.Build.0 = Release|Any CPU
		{9E51F824-AD01-42C6-BE0F-043E4076CE3F}.Debug|Any CPU.ActiveCfg = Debug|Any CPU
		{9E51F824-AD01-42C6-BE0F-043E4076CE3F}.Debug|Any CPU.Build.0 = Debug|Any CPU
		{9E51F824-AD01-42C6-BE0F-043E4076CE3F}.Release|Any CPU.ActiveCfg = Release|Any CPU
		{9E51F824-AD01-42C6-BE0F-043E4076CE3F}.Release|Any CPU.Build.0 = Release|Any CPU
	EndGlobalSection
	GlobalSection(SolutionProperties) = preSolution
		HideSolutionNode = FALSE
	EndGlobalSection
EndGlobal
